
Microsoft Visual Studio Solution File, Format Version 12.00
# Visual Studio Version 17
VisualStudioVersion = 17.14.36408.4
MinimumVisualStudioVersion = 10.0.40219.1
Project("{8BC9CEB8-8B4A-11D0-8D11-00A0C91BC942}") = "浏览器", "浏览器\浏览器.vcxproj", "{205D3823-FF52-423F-BEE4-A6328992EEFA}"
EndProject
Project("{8BC9CEB8-8B4A-11D0-8D11-00A0C91BC942}") = "CEF", "CEF\CEF.vcxproj", "{256F7330-3911-414D-ABDE-D4F6AD58C913}"
EndProject
Global
	GlobalSection(SolutionConfigurationPlatforms) = preSolution
		Debug|x64 = Debug|x64
		Release|x64 = Release|x64
	EndGlobalSection
	GlobalSection(ProjectConfigurationPlatforms) = postSolution
		{205D3823-FF52-423F-BEE4-A6328992EEFA}.Debug|x64.ActiveCfg = Debug|x64
		{205D3823-FF52-423F-BEE4-A6328992EEFA}.Debug|x64.Build.0 = Debug|x64
		{205D3823-FF52-423F-BEE4-A6328992EEFA}.Release|x64.ActiveCfg = Release|x64
		{205D3823-FF52-423F-BEE4-A6328992EEFA}.Release|x64.Build.0 = Release|x64
		{256F7330-3911-414D-ABDE-D4F6AD58C913}.Debug|x64.ActiveCfg = Debug|x64
		{256F7330-3911-414D-ABDE-D4F6AD58C913}.Debug|x64.Build.0 = Debug|x64
		{256F7330-3911-414D-ABDE-D4F6AD58C913}.Release|x64.ActiveCfg = Release|x64
		{256F7330-3911-414D-ABDE-D4F6AD58C913}.Release|x64.Build.0 = Release|x64
	EndGlobalSection
	GlobalSection(SolutionProperties) = preSolution
		HideSolutionNode = FALSE
	EndGlobalSection
	GlobalSection(ExtensibilityGlobals) = postSolution
		SolutionGuid = {4BF36DE3-D181-485B-8C4F-03E2C21F2D78}
	EndGlobalSection
EndGlobal
